
Microsoft Visual Studio Solution File, Format Version 12.00
# Visual Studio Version 17
VisualStudioVersion = 17.3.32922.545
MinimumVisualStudioVersion = 10.0.40219.1
Project("{FAE04EC0-301F-11D3-BF4B-00C04F79EFBC}") = "UppNerHögVän", "UppNerHögVän\UppNerHögVän.csproj", "{EC730A13-AC3B-4DE8-92DB-8001060FED95}"
EndProject
Global
	GlobalSection(SolutionConfigurationPlatforms) = preSolution
		Debug|Any CPU = Debug|Any CPU
		Release|Any CPU = Release|Any CPU
	EndGlobalSection
	GlobalSection(ProjectConfigurationPlatforms) = postSolution
		{EC730A13-AC3B-4DE8-92DB-8001060FED95}.Debug|Any CPU.ActiveCfg = Debug|Any CPU
		{EC730A13-AC3B-4DE8-92DB-8001060FED95}.Debug|Any CPU.Build.0 = Debug|Any CPU
		{EC730A13-AC3B-4DE8-92DB-8001060FED95}.Release|Any CPU.ActiveCfg = Release|Any CPU
		{EC730A13-AC3B-4DE8-92DB-8001060FED95}.Release|Any CPU.Build.0 = Release|Any CPU
	EndGlobalSection
	GlobalSection(SolutionProperties) = preSolution
		HideSolutionNode = FALSE
	EndGlobalSection
	GlobalSection(ExtensibilityGlobals) = postSolution
		SolutionGuid = {CD76DF64-4977-4533-B689-69E81FA42F55}
	EndGlobalSection
EndGlobal
